<?xml version="1.0" encoding="utf-8"?>
<Project ToolsVersion="4.0" xmlns="http://schemas.microsoft.com/developer/msbuild/2003">
  <ItemGroup>
    <Filter Include="Fichiers d%27en-tête">
      <UniqueIdentifier>{93995380-89BD-4b04-88EB-625FBE52EBFB}</UniqueIdentifier>
      <Extensions>h;hh;hpp;hxx;hm;inl;inc;ipp;xsd</Extensions>
    </Filter>
    <Filter Include="Fichiers de ressources">
      <UniqueIdentifier>{67DA6AB6-F800-4c08-8B7A-83BB121AAD01}</UniqueIdentifier>
      <Extensions>rc;ico;cur;bmp;dlg;rc2;rct;bin;rgs;gif;jpg;jpeg;jpe;resx;tiff;tif;png;wav;mfcribbon-ms</Extensions>
    </Filter>
    <Filter Include="Src">
      <UniqueIdentifier>{4FC737F1-C7A5-4376-A066-2A32D752A2FF}</UniqueIdentifier>
      <Extensions>cpp;c;cc;cxx;def;odl;idl;hpj;bat;asm;asmx</Extensions>
    </Filter>
    <Filter Include="Src\roguelike">
      <UniqueIdentifier>{2510a5a8-5b11-4831-b646-ec306dc18360}</UniqueIdentifier>
    </Filter>
    <Filter Include="Tests">
      <UniqueIdentifier>{595d337e-921c-471a-85b0-bfe29d1d0298}</UniqueIdentifier>
    </Filter>
    <Filter Include="Src\roguelike\states">
      <UniqueIdentifier>{aaf9dd2e-15f3-477f-a4d5-cee196558650}</UniqueIdentifier>
    </Filter>
    <Filter Include="Fichiers d%27en-tête\roguelike">
      <UniqueIdentifier>{d196ff42-c06b-4101-a93e-fb7966e6feee}</UniqueIdentifier>
    </Filter>
    <Filter Include="Fichiers d%27en-tête\roguelike\states">
      <UniqueIdentifier>{6d707ff4-8edd-49f1-9343-e7c8c623ba21}</UniqueIdentifier>
    </Filter>
    <Filter Include="Src\roguelike\interfaces">
      <UniqueIdentifier>{72184b41-6270-442c-8778-f0fa63e97c37}</UniqueIdentifier>
    </Filter>
    <Filter Include="Fichiers d%27en-tête\roguelike\interfaces">
      <UniqueIdentifier>{6f0c2558-e37b-4632-ba35-3830e40585f4}</UniqueIdentifier>
    </Filter>
    <Filter Include="Fichiers d%27en-tête\roguelike\tests">
      <UniqueIdentifier>{22e13380-6026-46ed-b158-54ffff1e542b}</UniqueIdentifier>
    </Filter>
    <Filter Include="Src\roguelike\tests">
      <UniqueIdentifier>{2c3bfa88-9ee6-482d-9b49-100bd7803e1c}</UniqueIdentifier>
    </Filter>
  </ItemGroup>
  <ItemGroup>
    <ClCompile Include="InGame.cpp">
      <Filter>Src\roguelike\states</Filter>
    </ClCompile>
    <ClCompile Include="Main.cpp">
      <Filter>Src</Filter>
    </ClCompile>
    <ClCompile Include="RogueLikeGame.cpp">
      <Filter>Src\roguelike</Filter>
    </ClCompile>
    <ClCompile Include="GameState.cpp">
      <Filter>Src\roguelike\states</Filter>
    </ClCompile>
    <ClCompile Include="MainMenu.cpp">
      <Filter>Src\roguelike\states</Filter>
    </ClCompile>
    <ClCompile Include="Updatable.cpp">
      <Filter>Src\roguelike\interfaces</Filter>
    </ClCompile>
    <ClCompile Include="UpdatableHandler.cpp">
      <Filter>Src\roguelike\interfaces</Filter>
    </ClCompile>
    <ClCompile Include="DrawableHandler.cpp">
      <Filter>Src\roguelike\interfaces</Filter>
    </ClCompile>
    <ClCompile Include="UpdatableHandled.cpp">
      <Filter>Src\roguelike\interfaces</Filter>
    </ClCompile>
    <ClCompile Include="DrawableHandled.cpp">
      <Filter>Src</Filter>
    </ClCompile>
    <ClCompile Include="Ball.cpp">
      <Filter>Src\roguelike\tests</Filter>
    </ClCompile>
  </ItemGroup>
  <ItemGroup>
    <ClInclude Include="GameState.h">
      <Filter>Fichiers d%27en-tête\roguelike\states</Filter>
    </ClInclude>
    <ClInclude Include="InGame.h">
      <Filter>Fichiers d%27en-tête\roguelike\states</Filter>
    </ClInclude>
    <ClInclude Include="RogueLikeGame.h">
      <Filter>Fichiers d%27en-tête\roguelike</Filter>
    </ClInclude>
    <ClInclude Include="MainMenu.h">
      <Filter>Fichiers d%27en-tête\roguelike\states</Filter>
    </ClInclude>
    <ClInclude Include="Updatable.h">
      <Filter>Fichiers d%27en-tête\roguelike\interfaces</Filter>
    </ClInclude>
    <ClInclude Include="UpdatableHandler.h">
      <Filter>Fichiers d%27en-tête\roguelike\interfaces</Filter>
    </ClInclude>
    <ClInclude Include="DrawableHandler.h">
      <Filter>Fichiers d%27en-tête\roguelike\interfaces</Filter>
    </ClInclude>
    <ClInclude Include="UpdatableHandled.h">
      <Filter>Fichiers d%27en-tête\roguelike\interfaces</Filter>
    </ClInclude>
    <ClInclude Include="DrawableHandled.h">
      <Filter>Fichiers d%27en-tête</Filter>
    </ClInclude>
    <ClInclude Include="Ball.h">
      <Filter>Fichiers d%27en-tête\roguelike\tests</Filter>
    </ClInclude>
  </ItemGroup>
</Project>