<?xml version="1.0" encoding="utf-8"?>
<Project ToolsVersion="4.0" xmlns="http://schemas.microsoft.com/developer/msbuild/2003">
  <ItemGroup>
    <Filter Include="Fichiers d%27en-tête">
      <UniqueIdentifier>{93995380-89BD-4b04-88EB-625FBE52EBFB}</UniqueIdentifier>
      <Extensions>h;hh;hpp;hxx;hm;inl;inc;ipp;xsd</Extensions>
    </Filter>
    <Filter Include="Fichiers de ressources">
      <UniqueIdentifier>{67DA6AB6-F800-4c08-8B7A-83BB121AAD01}</UniqueIdentifier>
      <Extensions>rc;ico;cur;bmp;dlg;rc2;rct;bin;rgs;gif;jpg;jpeg;jpe;resx;tiff;tif;png;wav;mfcribbon-ms</Extensions>
    </Filter>
    <Filter Include="Src">
      <UniqueIdentifier>{4FC737F1-C7A5-4376-A066-2A32D752A2FF}</UniqueIdentifier>
      <Extensions>cpp;c;cc;cxx;def;odl;idl;hpj;bat;asm;asmx</Extensions>
    </Filter>
    <Filter Include="Src\roguelike">
      <UniqueIdentifier>{2510a5a8-5b11-4831-b646-ec306dc18360}</UniqueIdentifier>
    </Filter>
    <Filter Include="Tests">
      <UniqueIdentifier>{595d337e-921c-471a-85b0-bfe29d1d0298}</UniqueIdentifier>
    </Filter>
    <Filter Include="Src\roguelike\states">
      <UniqueIdentifier>{aaf9dd2e-15f3-477f-a4d5-cee196558650}</UniqueIdentifier>
    </Filter>
    <Filter Include="Fichiers d%27en-tête\roguelike">
      <UniqueIdentifier>{d196ff42-c06b-4101-a93e-fb7966e6feee}</UniqueIdentifier>
    </Filter>
    <Filter Include="Fichiers d%27en-tête\roguelike\states">
      <UniqueIdentifier>{6d707ff4-8edd-49f1-9343-e7c8c623ba21}</UniqueIdentifier>
    </Filter>
    <Filter Include="Src\roguelike\interfaces">
      <UniqueIdentifier>{72184b41-6270-442c-8778-f0fa63e97c37}</UniqueIdentifier>
    </Filter>
    <Filter Include="Fichiers d%27en-tête\roguelike\interfaces">
      <UniqueIdentifier>{6f0c2558-e37b-4632-ba35-3830e40585f4}</UniqueIdentifier>
    </Filter>
    <Filter Include="Fichiers d%27en-tête\roguelike\tests">
      <UniqueIdentifier>{22e13380-6026-46ed-b158-54ffff1e542b}</UniqueIdentifier>
    </Filter>
    <Filter Include="Src\roguelike\tests">
      <UniqueIdentifier>{2c3bfa88-9ee6-482d-9b49-100bd7803e1c}</UniqueIdentifier>
    </Filter>
    <Filter Include="Src\roguelike\interfaces\quadtree">
      <UniqueIdentifier>{fe555805-4ce1-4ff9-98ca-e1f263ea2a8d}</UniqueIdentifier>
    </Filter>
    <Filter Include="Fichiers d%27en-tête\roguelike\interfaces\quadtree">
      <UniqueIdentifier>{b72dcf36-9286-4265-b470-49412ef32bf8}</UniqueIdentifier>
    </Filter>
    <Filter Include="Fichiers d%27en-tête\roguelike\entities">
      <UniqueIdentifier>{659bbf3c-0c80-448f-8a8c-e56fdfa7219c}</UniqueIdentifier>
    </Filter>
    <Filter Include="Fichiers d%27en-tête\roguelike\solids">
      <UniqueIdentifier>{5271f7ea-59e0-4713-ae47-622b3dd1f46c}</UniqueIdentifier>
    </Filter>
    <Filter Include="Src\roguelike\solids">
      <UniqueIdentifier>{38722128-8105-438e-836b-97a7103ecb52}</UniqueIdentifier>
    </Filter>
    <Filter Include="Src\roguelike\entities">
      <UniqueIdentifier>{3f5c969e-3399-493d-906c-609f7146c56d}</UniqueIdentifier>
    </Filter>
    <Filter Include="Src\roguelike\entities\players">
      <UniqueIdentifier>{1152a469-0cdf-4eb1-93b8-31779d4a8a4c}</UniqueIdentifier>
    </Filter>
    <Filter Include="Fichiers d%27en-tête\roguelike\entities\players">
      <UniqueIdentifier>{6130ba2b-390c-4f00-8e48-62da6d607e32}</UniqueIdentifier>
    </Filter>
    <Filter Include="Src\roguelike\inputs">
      <UniqueIdentifier>{7ab8fa62-e698-4c24-b35b-898d285bb101}</UniqueIdentifier>
    </Filter>
    <Filter Include="Src\roguelike\states\menu">
      <UniqueIdentifier>{0179d564-6307-49da-9612-df1db3932883}</UniqueIdentifier>
    </Filter>
    <Filter Include="Fichiers d%27en-tête\roguelike\states\menu">
      <UniqueIdentifier>{ecab1424-26c0-44c7-aceb-05def034169c}</UniqueIdentifier>
    </Filter>
    <Filter Include="Fichiers d%27en-tête\roguelike\inputs">
      <UniqueIdentifier>{c472148e-50fd-4253-bd2e-2fd5055484a3}</UniqueIdentifier>
    </Filter>
    <Filter Include="Src\roguelike\states\menu\widgets">
      <UniqueIdentifier>{f196b6d0-e6ec-4b18-a0fe-651351320ed9}</UniqueIdentifier>
    </Filter>
    <Filter Include="Fichiers d%27en-tête\roguelike\states\menu\widgets">
      <UniqueIdentifier>{bf5e7b8f-f74f-45d6-b3d6-166f38dbb7d2}</UniqueIdentifier>
    </Filter>
    <Filter Include="Src\roguelike\resources">
      <UniqueIdentifier>{10d03a6a-d817-4dc8-9bb0-0a26cd9a9b75}</UniqueIdentifier>
    </Filter>
    <Filter Include="Fichiers d%27en-tête\roguelike\resources">
      <UniqueIdentifier>{9f1f4d4e-9f66-41e6-bd4c-9f9bfcb0ff1a}</UniqueIdentifier>
    </Filter>
  </ItemGroup>
  <ItemGroup>
    <ClCompile Include="InGame.cpp">
      <Filter>Src\roguelike\states</Filter>
    </ClCompile>
    <ClCompile Include="Main.cpp">
      <Filter>Src</Filter>
    </ClCompile>
    <ClCompile Include="RogueLikeGame.cpp">
      <Filter>Src\roguelike</Filter>
    </ClCompile>
    <ClCompile Include="GameState.cpp">
      <Filter>Src\roguelike\states</Filter>
    </ClCompile>
    <ClCompile Include="Updatable.cpp">
      <Filter>Src\roguelike\interfaces</Filter>
    </ClCompile>
    <ClCompile Include="UpdatableHandler.cpp">
      <Filter>Src\roguelike\interfaces</Filter>
    </ClCompile>
    <ClCompile Include="DrawableHandler.cpp">
      <Filter>Src\roguelike\interfaces</Filter>
    </ClCompile>
    <ClCompile Include="UpdatableHandled.cpp">
      <Filter>Src\roguelike\interfaces</Filter>
    </ClCompile>
    <ClCompile Include="Ball.cpp">
      <Filter>Src\roguelike\tests</Filter>
    </ClCompile>
    <ClCompile Include="Solid.cpp">
      <Filter>Src\roguelike\interfaces</Filter>
    </ClCompile>
    <ClCompile Include="DrawableHandled.cpp">
      <Filter>Src\roguelike\interfaces</Filter>
    </ClCompile>
    <ClCompile Include="SolidHandler.cpp">
      <Filter>Src\roguelike\interfaces</Filter>
    </ClCompile>
    <ClCompile Include="DynamicSolid.cpp">
      <Filter>Src\roguelike\interfaces</Filter>
    </ClCompile>
    <ClCompile Include="Quadtree.cpp">
      <Filter>Src\roguelike\interfaces\quadtree</Filter>
    </ClCompile>
    <ClCompile Include="SolidHandled.cpp">
      <Filter>Src\roguelike\interfaces</Filter>
    </ClCompile>
    <ClCompile Include="DynamicSolidHandled.cpp">
      <Filter>Src\roguelike\interfaces</Filter>
    </ClCompile>
    <ClCompile Include="Wall.cpp">
      <Filter>Src\roguelike\solids</Filter>
    </ClCompile>
    <ClCompile Include="Entity.cpp">
      <Filter>Src\roguelike\entities</Filter>
    </ClCompile>
    <ClCompile Include="Player.cpp">
      <Filter>Src\roguelike\entities\players</Filter>
    </ClCompile>
    <ClCompile Include="MainMenu.cpp">
      <Filter>Src\roguelike\states\menu</Filter>
    </ClCompile>
    <ClCompile Include="InputHandler.cpp">
      <Filter>Src\roguelike\inputs</Filter>
    </ClCompile>
    <ClCompile Include="InputConfig.cpp">
      <Filter>Src\roguelike\inputs</Filter>
    </ClCompile>
    <ClCompile Include="ButtonInput.cpp">
      <Filter>Src\roguelike\states\menu\widgets</Filter>
    </ClCompile>
    <ClCompile Include="DropdownMenu.cpp">
      <Filter>Src\roguelike\states\menu\widgets</Filter>
    </ClCompile>
    <ClCompile Include="WidgetButton.cpp">
      <Filter>Src\roguelike\states\menu\widgets</Filter>
    </ClCompile>
    <ClCompile Include="InputOptionMenu.cpp">
      <Filter>Src\roguelike\states\menu</Filter>
    </ClCompile>
    <ClCompile Include="ResourceLoader.cpp">
      <Filter>Src\roguelike\resources</Filter>
    </ClCompile>
    <ClCompile Include="Room.cpp">
      <Filter>Src\roguelike\resources</Filter>
    </ClCompile>
    <ClCompile Include="Animation.cpp">
      <Filter>Src\roguelike\resources</Filter>
    </ClCompile>
  </ItemGroup>
  <ItemGroup>
    <ClInclude Include="GameState.h">
      <Filter>Fichiers d%27en-tête\roguelike\states</Filter>
    </ClInclude>
    <ClInclude Include="InGame.h">
      <Filter>Fichiers d%27en-tête\roguelike\states</Filter>
    </ClInclude>
    <ClInclude Include="RogueLikeGame.h">
      <Filter>Fichiers d%27en-tête\roguelike</Filter>
    </ClInclude>
    <ClInclude Include="Updatable.h">
      <Filter>Fichiers d%27en-tête\roguelike\interfaces</Filter>
    </ClInclude>
    <ClInclude Include="UpdatableHandler.h">
      <Filter>Fichiers d%27en-tête\roguelike\interfaces</Filter>
    </ClInclude>
    <ClInclude Include="DrawableHandler.h">
      <Filter>Fichiers d%27en-tête\roguelike\interfaces</Filter>
    </ClInclude>
    <ClInclude Include="UpdatableHandled.h">
      <Filter>Fichiers d%27en-tête\roguelike\interfaces</Filter>
    </ClInclude>
    <ClInclude Include="Ball.h">
      <Filter>Fichiers d%27en-tête\roguelike\tests</Filter>
    </ClInclude>
    <ClInclude Include="Solid.h">
      <Filter>Fichiers d%27en-tête\roguelike\interfaces</Filter>
    </ClInclude>
    <ClInclude Include="SolidHandler.h">
      <Filter>Fichiers d%27en-tête\roguelike\interfaces</Filter>
    </ClInclude>
    <ClInclude Include="DrawableHandled.h">
      <Filter>Fichiers d%27en-tête\roguelike\interfaces</Filter>
    </ClInclude>
    <ClInclude Include="DynamicSolid.h">
      <Filter>Fichiers d%27en-tête\roguelike\interfaces</Filter>
    </ClInclude>
    <ClInclude Include="Quadtree.h">
      <Filter>Fichiers d%27en-tête\roguelike\interfaces\quadtree</Filter>
    </ClInclude>
    <ClInclude Include="SolidHandled.h">
      <Filter>Fichiers d%27en-tête\roguelike\interfaces</Filter>
    </ClInclude>
    <ClInclude Include="Wall.h">
      <Filter>Fichiers d%27en-tête\roguelike\solids</Filter>
    </ClInclude>
    <ClInclude Include="Entity.h">
      <Filter>Fichiers d%27en-tête\roguelike\entities</Filter>
    </ClInclude>
    <ClInclude Include="Player.h">
      <Filter>Fichiers d%27en-tête\roguelike\entities\players</Filter>
    </ClInclude>
    <ClInclude Include="MainMenu.h">
      <Filter>Fichiers d%27en-tête\roguelike\states\menu</Filter>
    </ClInclude>
    <ClInclude Include="DynamicSolidHandled.h">
      <Filter>Fichiers d%27en-tête\roguelike\interfaces</Filter>
    </ClInclude>
    <ClInclude Include="InputHandler.h">
      <Filter>Fichiers d%27en-tête\roguelike\inputs</Filter>
    </ClInclude>
    <ClInclude Include="InputConfig.h">
      <Filter>Fichiers d%27en-tête\roguelike\inputs</Filter>
    </ClInclude>
    <ClInclude Include="ButtonInput.h">
      <Filter>Fichiers d%27en-tête\roguelike\states\menu\widgets</Filter>
    </ClInclude>
    <ClInclude Include="DropdownMenu.h">
      <Filter>Fichiers d%27en-tête\roguelike\states\menu\widgets</Filter>
    </ClInclude>
    <ClInclude Include="WidgetButton.h">
      <Filter>Fichiers d%27en-tête\roguelike\states\menu\widgets</Filter>
    </ClInclude>
    <ClInclude Include="InputOptionMenu.h">
      <Filter>Fichiers d%27en-tête\roguelike\states\menu</Filter>
    </ClInclude>
    <ClInclude Include="ResourceLoader.h">
      <Filter>Fichiers d%27en-tête\roguelike\resources</Filter>
    </ClInclude>
    <ClInclude Include="Room.h">
      <Filter>Fichiers d%27en-tête\roguelike\resources</Filter>
    </ClInclude>
    <ClInclude Include="Animation.h">
      <Filter>Fichiers d%27en-tête\roguelike\resources</Filter>
    </ClInclude>
  </ItemGroup>
</Project>